
Microsoft Visual Studio Solution File, Format Version 12.00
# Visual Studio Version 17
VisualStudioVersion = 17.2.32616.157
MinimumVisualStudioVersion = 10.0.40219.1
Project("{FAE04EC0-301F-11D3-BF4B-00C04F79EFBC}") = "DHAUZ Api", "DHAUZ Api\DHAUZ Api.csproj", "{51C2B018-CE78-424A-B966-1224157A08EC}"
EndProject
Global
	GlobalSection(SolutionConfigurationPlatforms) = preSolution
		Debug|Any CPU = Debug|Any CPU
		Release|Any CPU = Release|Any CPU
	EndGlobalSection
	GlobalSection(ProjectConfigurationPlatforms) = postSolution
		{51C2B018-CE78-424A-B966-1224157A08EC}.Debug|Any CPU.ActiveCfg = Debug|Any CPU
		{51C2B018-CE78-424A-B966-1224157A08EC}.Debug|Any CPU.Build.0 = Debug|Any CPU
		{51C2B018-CE78-424A-B966-1224157A08EC}.Release|Any CPU.ActiveCfg = Release|Any CPU
		{51C2B018-CE78-424A-B966-1224157A08EC}.Release|Any CPU.Build.0 = Release|Any CPU
	EndGlobalSection
	GlobalSection(SolutionProperties) = preSolution
		HideSolutionNode = FALSE
	EndGlobalSection
	GlobalSection(ExtensibilityGlobals) = postSolution
		SolutionGuid = {EE271F12-218C-4015-A6C5-0D044903FBA4}
	EndGlobalSection
EndGlobal
